
Microsoft Visual Studio Solution File, Format Version 12.00
# Visual Studio Version 16
VisualStudioVersion = 16.0.31205.134
MinimumVisualStudioVersion = 10.0.40219.1
Project("{FAE04EC0-301F-11D3-BF4B-00C04F79EFBC}") = "ArtComissions", "ArtComissions.csproj", "{66562186-1978-41FE-B733-98C46E094F5F}"
EndProject
Project("{FAE04EC0-301F-11D3-BF4B-00C04F79EFBC}") = "DataLibrary", "..\DataLibrary\DataLibrary.csproj", "{49609008-9051-437C-8067-D1F8472EABBF}"
EndProject
Project("{00D1A9C2-B5F0-4AF3-8072-F6C62B433612}") = "Database", "..\Database\Database.sqlproj", "{F65D6AFB-569C-491F-BA20-DB94799EA43F}"
EndProject
Global
	GlobalSection(SolutionConfigurationPlatforms) = preSolution
		Debug|Any CPU = Debug|Any CPU
		Release|Any CPU = Release|Any CPU
	EndGlobalSection
	GlobalSection(ProjectConfigurationPlatforms) = postSolution
		{66562186-1978-41FE-B733-98C46E094F5F}.Debug|Any CPU.ActiveCfg = Debug|Any CPU
		{66562186-1978-41FE-B733-98C46E094F5F}.Debug|Any CPU.Build.0 = Debug|Any CPU
		{66562186-1978-41FE-B733-98C46E094F5F}.Release|Any CPU.ActiveCfg = Release|Any CPU
		{66562186-1978-41FE-B733-98C46E094F5F}.Release|Any CPU.Build.0 = Release|Any CPU
		{49609008-9051-437C-8067-D1F8472EABBF}.Debug|Any CPU.ActiveCfg = Debug|Any CPU
		{49609008-9051-437C-8067-D1F8472EABBF}.Debug|Any CPU.Build.0 = Debug|Any CPU
		{49609008-9051-437C-8067-D1F8472EABBF}.Release|Any CPU.ActiveCfg = Release|Any CPU
		{49609008-9051-437C-8067-D1F8472EABBF}.Release|Any CPU.Build.0 = Release|Any CPU
		{F65D6AFB-569C-491F-BA20-DB94799EA43F}.Debug|Any CPU.ActiveCfg = Debug|Any CPU
		{F65D6AFB-569C-491F-BA20-DB94799EA43F}.Debug|Any CPU.Build.0 = Debug|Any CPU
		{F65D6AFB-569C-491F-BA20-DB94799EA43F}.Debug|Any CPU.Deploy.0 = Debug|Any CPU
		{F65D6AFB-569C-491F-BA20-DB94799EA43F}.Release|Any CPU.ActiveCfg = Release|Any CPU
		{F65D6AFB-569C-491F-BA20-DB94799EA43F}.Release|Any CPU.Build.0 = Release|Any CPU
		{F65D6AFB-569C-491F-BA20-DB94799EA43F}.Release|Any CPU.Deploy.0 = Release|Any CPU
	EndGlobalSection
	GlobalSection(SolutionProperties) = preSolution
		HideSolutionNode = FALSE
	EndGlobalSection
	GlobalSection(ExtensibilityGlobals) = postSolution
		SolutionGuid = {10748E60-4ED6-48F7-A27A-4C1C699A83F7}
	EndGlobalSection
EndGlobal
